{
  "requires": true,
  "lockfileVersion": 1,
  "dependencies": {
    "spritespin": {
      "version": "4.1.0",
      "resolved": "https://registry.npmjs.org/spritespin/-/spritespin-4.1.0.tgz",
      "integrity": "sha512-R2mfiAkIphuUOCv53fOwgsTDnrQ+SFNHjgxDSMKUeN6cjYakLYEFm6piWAriyTsKqq40TVklksqQdtWnmnpSBQ=="
    }
  }
}
